github.com/droundy/goopt v0.0.0-20170604162106-0b8effe182da h1:79H+mNJWOObWrQgbkSvvZ3t/D2lKWaTi9mu/v7fNRvg=
github.com/droundy/goopt v0.0.0-20170604162106-0b8effe182da/go.mod h1:ytRJ64WkuW4kf6/tuYqBATBCRFUP8X9+LDtgcvE+koI=
github.com/go-enry/go-oniguruma v1.2.1 h1:k8aAMuJfMrqm/56SG2lV9Cfti6tC4x8673aHCcBk+eo=
github.com/go-enry/go-oniguruma v1.2.1/go.mod h1:bWDhYP+S6xZQgiRL7wlTScFYBe023B6ilRZbCAD5Hf4=
